
Microsoft Visual Studio Solution File, Format Version 12.00
# Visual Studio Version 17
VisualStudioVersion = 17.10.35027.167
MinimumVisualStudioVersion = 10.0.40219.1
Project("{FAE04EC0-301F-11D3-BF4B-00C04F79EFBC}") = "ServiceResilienceDemo", "ServiceResilienceDemo\ServiceResilienceDemo.csproj", "{2066A0D5-D669-42E6-ADC3-0DBBE510F493}"
EndProject
Global
	GlobalSection(SolutionConfigurationPlatforms) = preSolution
		Debug|Any CPU = Debug|Any CPU
		Release|Any CPU = Release|Any CPU
	EndGlobalSection
	GlobalSection(ProjectConfigurationPlatforms) = postSolution
		{2066A0D5-D669-42E6-ADC3-0DBBE510F493}.Debug|Any CPU.ActiveCfg = Debug|Any CPU
		{2066A0D5-D669-42E6-ADC3-0DBBE510F493}.Debug|Any CPU.Build.0 = Debug|Any CPU
		{2066A0D5-D669-42E6-ADC3-0DBBE510F493}.Release|Any CPU.ActiveCfg = Release|Any CPU
		{2066A0D5-D669-42E6-ADC3-0DBBE510F493}.Release|Any CPU.Build.0 = Release|Any CPU
	EndGlobalSection
	GlobalSection(SolutionProperties) = preSolution
		HideSolutionNode = FALSE
	EndGlobalSection
	GlobalSection(ExtensibilityGlobals) = postSolution
		SolutionGuid = {73751DAE-B950-4D57-8537-DF37FA2427A0}
	EndGlobalSection
EndGlobal
